
Microsoft Visual Studio Solution File, Format Version 12.00
# Visual Studio 2012
Project("{FAE04EC0-301F-11D3-BF4B-00C04F79EFBC}") = "SupportTools", "SupportTools\SupportTools.csproj", "{56E80BF4-4B04-4D46-BB51-E49EC4B1533D}"
	ProjectSection(ProjectDependencies) = postProject
		{9D828670-EEFA-4BCD-8B3C-8B61B51CEE8A} = {9D828670-EEFA-4BCD-8B3C-8B61B51CEE8A}
	EndProjectSection
EndProject
Project("{FAE04EC0-301F-11D3-BF4B-00C04F79EFBC}") = "SupportTools.DockingForm", "SupportTools.DockingForm\SupportTools.DockingForm.csproj", "{9D828670-EEFA-4BCD-8B3C-8B61B51CEE8A}"
EndProject
Project("{FAE04EC0-301F-11D3-BF4B-00C04F79EFBC}") = "LANDesk.Agent.Ping", "Agent.Ping\Agent.Ping.csproj", "{91962F55-2BD3-4D69-80A0-15D1C1F0202E}"
EndProject
Project("{FAE04EC0-301F-11D3-BF4B-00C04F79EFBC}") = "UnmanagedToManaged", "UnmanagedToManaged\UnmanagedToManaged.csproj", "{71030FB9-AD61-4EE7-AD24-D6192A80353A}"
EndProject
Project("{FAE04EC0-301F-11D3-BF4B-00C04F79EFBC}") = "MVVM", "MVVM\MVVM.csproj", "{CAA5479F-AB69-4672-A1C3-08E35B8E983D}"
EndProject
Project("{FAE04EC0-301F-11D3-BF4B-00C04F79EFBC}") = "ServiceManager", "ServiceManager\ServiceManager.csproj", "{24FBEC3D-9734-48A0-82B9-5E6C33EE5059}"
EndProject
Project("{FAE04EC0-301F-11D3-BF4B-00C04F79EFBC}") = "NSIS", "NSIS\NSIS.csproj", "{1EC0350F-FF23-4ED3-8F77-97A28ECF01FE}"
	ProjectSection(ProjectDependencies) = postProject
		{24FBEC3D-9734-48A0-82B9-5E6C33EE5059} = {24FBEC3D-9734-48A0-82B9-5E6C33EE5059}
		{91962F55-2BD3-4D69-80A0-15D1C1F0202E} = {91962F55-2BD3-4D69-80A0-15D1C1F0202E}
		{9D828670-EEFA-4BCD-8B3C-8B61B51CEE8A} = {9D828670-EEFA-4BCD-8B3C-8B61B51CEE8A}
		{CAA5479F-AB69-4672-A1C3-08E35B8E983D} = {CAA5479F-AB69-4672-A1C3-08E35B8E983D}
		{71030FB9-AD61-4EE7-AD24-D6192A80353A} = {71030FB9-AD61-4EE7-AD24-D6192A80353A}
		{56E80BF4-4B04-4D46-BB51-E49EC4B1533D} = {56E80BF4-4B04-4D46-BB51-E49EC4B1533D}
	EndProjectSection
EndProject
Global
	GlobalSection(SolutionConfigurationPlatforms) = preSolution
		Debug|Any CPU = Debug|Any CPU
		Debug|x64 = Debug|x64
		Debug|x86 = Debug|x86
		Release|Any CPU = Release|Any CPU
		Release|x64 = Release|x64
		Release|x86 = Release|x86
	EndGlobalSection
	GlobalSection(ProjectConfigurationPlatforms) = postSolution
		{56E80BF4-4B04-4D46-BB51-E49EC4B1533D}.Debug|Any CPU.ActiveCfg = Debug|Any CPU
		{56E80BF4-4B04-4D46-BB51-E49EC4B1533D}.Debug|Any CPU.Build.0 = Debug|Any CPU
		{56E80BF4-4B04-4D46-BB51-E49EC4B1533D}.Debug|x64.ActiveCfg = Debug|x64
		{56E80BF4-4B04-4D46-BB51-E49EC4B1533D}.Debug|x64.Build.0 = Debug|x64
		{56E80BF4-4B04-4D46-BB51-E49EC4B1533D}.Debug|x86.ActiveCfg = Debug|x86
		{56E80BF4-4B04-4D46-BB51-E49EC4B1533D}.Debug|x86.Build.0 = Debug|x86
		{56E80BF4-4B04-4D46-BB51-E49EC4B1533D}.Release|Any CPU.ActiveCfg = Release|Any CPU
		{56E80BF4-4B04-4D46-BB51-E49EC4B1533D}.Release|Any CPU.Build.0 = Release|Any CPU
		{56E80BF4-4B04-4D46-BB51-E49EC4B1533D}.Release|x64.ActiveCfg = Release|x64
		{56E80BF4-4B04-4D46-BB51-E49EC4B1533D}.Release|x64.Build.0 = Release|x64
		{56E80BF4-4B04-4D46-BB51-E49EC4B1533D}.Release|x86.ActiveCfg = Release|x86
		{56E80BF4-4B04-4D46-BB51-E49EC4B1533D}.Release|x86.Build.0 = Release|x86
		{9D828670-EEFA-4BCD-8B3C-8B61B51CEE8A}.Debug|Any CPU.ActiveCfg = Debug|Any CPU
		{9D828670-EEFA-4BCD-8B3C-8B61B51CEE8A}.Debug|Any CPU.Build.0 = Debug|Any CPU
		{9D828670-EEFA-4BCD-8B3C-8B61B51CEE8A}.Debug|x64.ActiveCfg = Debug|x64
		{9D828670-EEFA-4BCD-8B3C-8B61B51CEE8A}.Debug|x64.Build.0 = Debug|x64
		{9D828670-EEFA-4BCD-8B3C-8B61B51CEE8A}.Debug|x86.ActiveCfg = Debug|x86
		{9D828670-EEFA-4BCD-8B3C-8B61B51CEE8A}.Debug|x86.Build.0 = Debug|x86
		{9D828670-EEFA-4BCD-8B3C-8B61B51CEE8A}.Release|Any CPU.ActiveCfg = Release|Any CPU
		{9D828670-EEFA-4BCD-8B3C-8B61B51CEE8A}.Release|Any CPU.Build.0 = Release|Any CPU
		{9D828670-EEFA-4BCD-8B3C-8B61B51CEE8A}.Release|x64.ActiveCfg = Release|x64
		{9D828670-EEFA-4BCD-8B3C-8B61B51CEE8A}.Release|x64.Build.0 = Release|x64
		{9D828670-EEFA-4BCD-8B3C-8B61B51CEE8A}.Release|x86.ActiveCfg = Release|x86
		{9D828670-EEFA-4BCD-8B3C-8B61B51CEE8A}.Release|x86.Build.0 = Release|x86
		{91962F55-2BD3-4D69-80A0-15D1C1F0202E}.Debug|Any CPU.ActiveCfg = Debug|Any CPU
		{91962F55-2BD3-4D69-80A0-15D1C1F0202E}.Debug|Any CPU.Build.0 = Debug|Any CPU
		{91962F55-2BD3-4D69-80A0-15D1C1F0202E}.Debug|x64.ActiveCfg = Debug|x64
		{91962F55-2BD3-4D69-80A0-15D1C1F0202E}.Debug|x64.Build.0 = Debug|x64
		{91962F55-2BD3-4D69-80A0-15D1C1F0202E}.Debug|x86.ActiveCfg = Debug|x86
		{91962F55-2BD3-4D69-80A0-15D1C1F0202E}.Debug|x86.Build.0 = Debug|x86
		{91962F55-2BD3-4D69-80A0-15D1C1F0202E}.Release|Any CPU.ActiveCfg = Release|Any CPU
		{91962F55-2BD3-4D69-80A0-15D1C1F0202E}.Release|Any CPU.Build.0 = Release|Any CPU
		{91962F55-2BD3-4D69-80A0-15D1C1F0202E}.Release|x64.ActiveCfg = Release|x64
		{91962F55-2BD3-4D69-80A0-15D1C1F0202E}.Release|x64.Build.0 = Release|x64
		{91962F55-2BD3-4D69-80A0-15D1C1F0202E}.Release|x86.ActiveCfg = Release|x86
		{91962F55-2BD3-4D69-80A0-15D1C1F0202E}.Release|x86.Build.0 = Release|x86
		{71030FB9-AD61-4EE7-AD24-D6192A80353A}.Debug|Any CPU.ActiveCfg = Debug|Any CPU
		{71030FB9-AD61-4EE7-AD24-D6192A80353A}.Debug|Any CPU.Build.0 = Debug|Any CPU
		{71030FB9-AD61-4EE7-AD24-D6192A80353A}.Debug|x64.ActiveCfg = Debug|x64
		{71030FB9-AD61-4EE7-AD24-D6192A80353A}.Debug|x64.Build.0 = Debug|x64
		{71030FB9-AD61-4EE7-AD24-D6192A80353A}.Debug|x86.ActiveCfg = Debug|x86
		{71030FB9-AD61-4EE7-AD24-D6192A80353A}.Debug|x86.Build.0 = Debug|x86
		{71030FB9-AD61-4EE7-AD24-D6192A80353A}.Release|Any CPU.ActiveCfg = Release|Any CPU
		{71030FB9-AD61-4EE7-AD24-D6192A80353A}.Release|Any CPU.Build.0 = Release|Any CPU
		{71030FB9-AD61-4EE7-AD24-D6192A80353A}.Release|x64.ActiveCfg = Release|x64
		{71030FB9-AD61-4EE7-AD24-D6192A80353A}.Release|x64.Build.0 = Release|x64
		{71030FB9-AD61-4EE7-AD24-D6192A80353A}.Release|x86.ActiveCfg = Release|x86
		{71030FB9-AD61-4EE7-AD24-D6192A80353A}.Release|x86.Build.0 = Release|x86
		{CAA5479F-AB69-4672-A1C3-08E35B8E983D}.Debug|Any CPU.ActiveCfg = Debug|Any CPU
		{CAA5479F-AB69-4672-A1C3-08E35B8E983D}.Debug|Any CPU.Build.0 = Debug|Any CPU
		{CAA5479F-AB69-4672-A1C3-08E35B8E983D}.Debug|x64.ActiveCfg = Debug|x64
		{CAA5479F-AB69-4672-A1C3-08E35B8E983D}.Debug|x64.Build.0 = Debug|x64
		{CAA5479F-AB69-4672-A1C3-08E35B8E983D}.Debug|x86.ActiveCfg = Debug|x86
		{CAA5479F-AB69-4672-A1C3-08E35B8E983D}.Debug|x86.Build.0 = Debug|x86
		{CAA5479F-AB69-4672-A1C3-08E35B8E983D}.Release|Any CPU.ActiveCfg = Release|Any CPU
		{CAA5479F-AB69-4672-A1C3-08E35B8E983D}.Release|Any CPU.Build.0 = Release|Any CPU
		{CAA5479F-AB69-4672-A1C3-08E35B8E983D}.Release|x64.ActiveCfg = Release|x64
		{CAA5479F-AB69-4672-A1C3-08E35B8E983D}.Release|x64.Build.0 = Release|x64
		{CAA5479F-AB69-4672-A1C3-08E35B8E983D}.Release|x86.ActiveCfg = Release|x86
		{CAA5479F-AB69-4672-A1C3-08E35B8E983D}.Release|x86.Build.0 = Release|x86
		{24FBEC3D-9734-48A0-82B9-5E6C33EE5059}.Debug|Any CPU.ActiveCfg = Debug|Any CPU
		{24FBEC3D-9734-48A0-82B9-5E6C33EE5059}.Debug|Any CPU.Build.0 = Debug|Any CPU
		{24FBEC3D-9734-48A0-82B9-5E6C33EE5059}.Debug|x64.ActiveCfg = Debug|x64
		{24FBEC3D-9734-48A0-82B9-5E6C33EE5059}.Debug|x64.Build.0 = Debug|x64
		{24FBEC3D-9734-48A0-82B9-5E6C33EE5059}.Debug|x86.ActiveCfg = Debug|x86
		{24FBEC3D-9734-48A0-82B9-5E6C33EE5059}.Debug|x86.Build.0 = Debug|x86
		{24FBEC3D-9734-48A0-82B9-5E6C33EE5059}.Release|Any CPU.ActiveCfg = Release|Any CPU
		{24FBEC3D-9734-48A0-82B9-5E6C33EE5059}.Release|Any CPU.Build.0 = Release|Any CPU
		{24FBEC3D-9734-48A0-82B9-5E6C33EE5059}.Release|x64.ActiveCfg = Release|x64
		{24FBEC3D-9734-48A0-82B9-5E6C33EE5059}.Release|x64.Build.0 = Release|x64
		{24FBEC3D-9734-48A0-82B9-5E6C33EE5059}.Release|x86.ActiveCfg = Release|x86
		{24FBEC3D-9734-48A0-82B9-5E6C33EE5059}.Release|x86.Build.0 = Release|x86
		{1EC0350F-FF23-4ED3-8F77-97A28ECF01FE}.Debug|Any CPU.ActiveCfg = Debug|Any CPU
		{1EC0350F-FF23-4ED3-8F77-97A28ECF01FE}.Debug|Any CPU.Build.0 = Debug|Any CPU
		{1EC0350F-FF23-4ED3-8F77-97A28ECF01FE}.Debug|x64.ActiveCfg = Debug|x64
		{1EC0350F-FF23-4ED3-8F77-97A28ECF01FE}.Debug|x64.Build.0 = Debug|x64
		{1EC0350F-FF23-4ED3-8F77-97A28ECF01FE}.Debug|x86.ActiveCfg = Debug|x86
		{1EC0350F-FF23-4ED3-8F77-97A28ECF01FE}.Debug|x86.Build.0 = Debug|x86
		{1EC0350F-FF23-4ED3-8F77-97A28ECF01FE}.Release|Any CPU.ActiveCfg = Release|Any CPU
		{1EC0350F-FF23-4ED3-8F77-97A28ECF01FE}.Release|Any CPU.Build.0 = Release|Any CPU
		{1EC0350F-FF23-4ED3-8F77-97A28ECF01FE}.Release|x64.ActiveCfg = Release|x64
		{1EC0350F-FF23-4ED3-8F77-97A28ECF01FE}.Release|x86.ActiveCfg = Release|x86
	EndGlobalSection
	GlobalSection(SolutionProperties) = preSolution
		HideSolutionNode = FALSE
	EndGlobalSection
EndGlobal
